// !$*UTF8*$!
{
	archiveVersion = 1;
	classes = {
	};
	objectVersion = 55;
	objects = {

/* Begin PBXBuildFile section */
		C3C0DE5128E3ACD7005CFDD4 /* AppDelegate.swift in Sources */ = {isa = PBXBuildFile; fileRef = C3C0DE5028E3ACD7005CFDD4 /* AppDelegate.swift */; };
		C3C0DE5328E3ACD7005CFDD4 /* SceneDelegate.swift in Sources */ = {isa = PBXBuildFile; fileRef = C3C0DE5228E3ACD7005CFDD4 /* SceneDelegate.swift */; };
		C3C0DE5528E3ACD7005CFDD4 /* ViewController.swift in Sources */ = {isa = PBXBuildFile; fileRef = C3C0DE5428E3ACD7005CFDD4 /* ViewController.swift */; };
		C3C0DE5828E3ACD7005CFDD4 /* Main.storyboard in Resources */ = {isa = PBXBuildFile; fileRef = C3C0DE5628E3ACD7005CFDD4 /* Main.storyboard */; };
		C3C0DE5A28E3ACD8005CFDD4 /* Assets.xcassets in Resources */ = {isa = PBXBuildFile; fileRef = C3C0DE5928E3ACD8005CFDD4 /* Assets.xcassets */; };
		C3C0DE5D28E3ACD8005CFDD4 /* LaunchScreen.storyboard in Resources */ = {isa = PBXBuildFile; fileRef = C3C0DE5B28E3ACD8005CFDD4 /* LaunchScreen.storyboard */; };
		C3C0DE6A28E3AE0A005CFDD4 /* Interface.storyboard in Resources */ = {isa = PBXBuildFile; fileRef = C3C0DE6828E3AE0A005CFDD4 /* Interface.storyboard */; };
		C3C0DE6C28E3AE0C005CFDD4 /* Assets.xcassets in Resources */ = {isa = PBXBuildFile; fileRef = C3C0DE6B28E3AE0C005CFDD4 /* Assets.xcassets */; };
		C3C0DE7228E3AE0C005CFDD4 /* WatchExtention WatchKit Extension.appex in Embed App Extensions */ = {isa = PBXBuildFile; fileRef = C3C0DE7128E3AE0C005CFDD4 /* WatchExtention WatchKit Extension.appex */; settings = {ATTRIBUTES = (RemoveHeadersOnCopy, ); }; };
		C3C0DE7728E3AE0C005CFDD4 /* InterfaceController.swift in Sources */ = {isa = PBXBuildFile; fileRef = C3C0DE7628E3AE0C005CFDD4 /* InterfaceController.swift */; };
		C3C0DE7928E3AE0C005CFDD4 /* ExtensionDelegate.swift in Sources */ = {isa = PBXBuildFile; fileRef = C3C0DE7828E3AE0C005CFDD4 /* ExtensionDelegate.swift */; };
		C3C0DE7B28E3AE0C005CFDD4 /* NotificationController.swift in Sources */ = {isa = PBXBuildFile; fileRef = C3C0DE7A28E3AE0C005CFDD4 /* NotificationController.swift */; };
		C3C0DE7D28E3AE0C005CFDD4 /* ComplicationController.swift in Sources */ = {isa = PBXBuildFile; fileRef = C3C0DE7C28E3AE0C005CFDD4 /* ComplicationController.swift */; };
		C3C0DE7F28E3AE0D005CFDD4 /* Assets.xcassets in Resources */ = {isa = PBXBuildFile; fileRef = C3C0DE7E28E3AE0D005CFDD4 /* Assets.xcassets */; };
		C3C0DE8428E3AE0D005CFDD4 /* WatchExtention.app in Embed Watch Content */ = {isa = PBXBuildFile; fileRef = C3C0DE6628E3AE0A005CFDD4 /* WatchExtention.app */; settings = {ATTRIBUTES = (RemoveHeadersOnCopy, ); }; };
/* End PBXBuildFile section */

/* Begin PBXContainerItemProxy section */
		C3C0DE7328E3AE0C005CFDD4 /* PBXContainerItemProxy */ = {
			isa = PBXContainerItemProxy;
			containerPortal = C3C0DE4528E3ACD7005CFDD4 /* Project object */;
			proxyType = 1;
			remoteGlobalIDString = C3C0DE7028E3AE0C005CFDD4;
			remoteInfo = "WatchExtention WatchKit Extension";
		};
		C3C0DE8228E3AE0D005CFDD4 /* PBXContainerItemProxy */ = {
			isa = PBXContainerItemProxy;
			containerPortal = C3C0DE4528E3ACD7005CFDD4 /* Project object */;
			proxyType = 1;
			remoteGlobalIDString = C3C0DE6528E3AE0A005CFDD4;
			remoteInfo = WatchExtention;
		};
/* End PBXContainerItemProxy section */

/* Begin PBXCopyFilesBuildPhase section */
		C3C0DE8828E3AE0D005CFDD4 /* Embed App Extensions */ = {
			isa = PBXCopyFilesBuildPhase;
			buildActionMask = 2147483647;
			dstPath = "";
			dstSubfolderSpec = 13;
			files = (
				C3C0DE7228E3AE0C005CFDD4 /* WatchExtention WatchKit Extension.appex in Embed App Extensions */,
			);
			name = "Embed App Extensions";
			runOnlyForDeploymentPostprocessing = 0;
		};
		C3C0DE8C28E3AE0D005CFDD4 /* Embed Watch Content */ = {
			isa = PBXCopyFilesBuildPhase;
			buildActionMask = 2147483647;
			dstPath = "$(CONTENTS_FOLDER_PATH)/Watch";
			dstSubfolderSpec = 16;
			files = (
				C3C0DE8428E3AE0D005CFDD4 /* WatchExtention.app in Embed Watch Content */,
			);
			name = "Embed Watch Content";
			runOnlyForDeploymentPostprocessing = 0;
		};
/* End PBXCopyFilesBuildPhase section */

/* Begin PBXFileReference section */
		C3C0DE4D28E3ACD7005CFDD4 /* WatchOSTestApp.app */ = {isa = PBXFileReference; explicitFileType = wrapper.application; includeInIndex = 0; path = WatchOSTestApp.app; sourceTree = BUILT_PRODUCTS_DIR; };
		C3C0DE5028E3ACD7005CFDD4 /* AppDelegate.swift */ = {isa = PBXFileReference; lastKnownFileType = sourcecode.swift; path = AppDelegate.swift; sourceTree = "<group>"; };
		C3C0DE5228E3ACD7005CFDD4 /* SceneDelegate.swift */ = {isa = PBXFileReference; lastKnownFileType = sourcecode.swift; path = SceneDelegate.swift; sourceTree = "<group>"; };
		C3C0DE5428E3ACD7005CFDD4 /* ViewController.swift */ = {isa = PBXFileReference; lastKnownFileType = sourcecode.swift; path = ViewController.swift; sourceTree = "<group>"; };
		C3C0DE5728E3ACD7005CFDD4 /* Base */ = {isa = PBXFileReference; lastKnownFileType = file.storyboard; name = Base; path = Base.lproj/Main.storyboard; sourceTree = "<group>"; };
		C3C0DE5928E3ACD8005CFDD4 /* Assets.xcassets */ = {isa = PBXFileReference; lastKnownFileType = folder.assetcatalog; path = Assets.xcassets; sourceTree = "<group>"; };
		C3C0DE5C28E3ACD8005CFDD4 /* Base */ = {isa = PBXFileReference; lastKnownFileType = file.storyboard; name = Base; path = Base.lproj/LaunchScreen.storyboard; sourceTree = "<group>"; };
		C3C0DE5E28E3ACD8005CFDD4 /* Info.plist */ = {isa = PBXFileReference; lastKnownFileType = text.plist.xml; path = Info.plist; sourceTree = "<group>"; };
		C3C0DE6628E3AE0A005CFDD4 /* WatchExtention.app */ = {isa = PBXFileReference; explicitFileType = wrapper.application; includeInIndex = 0; path = WatchExtention.app; sourceTree = BUILT_PRODUCTS_DIR; };
		C3C0DE6928E3AE0A005CFDD4 /* Base */ = {isa = PBXFileReference; lastKnownFileType = file.storyboard; name = Base; path = Base.lproj/Interface.storyboard; sourceTree = "<group>"; };
		C3C0DE6B28E3AE0C005CFDD4 /* Assets.xcassets */ = {isa = PBXFileReference; lastKnownFileType = folder.assetcatalog; path = Assets.xcassets; sourceTree = "<group>"; };
		C3C0DE7128E3AE0C005CFDD4 /* WatchExtention WatchKit Extension.appex */ = {isa = PBXFileReference; explicitFileType = "wrapper.app-extension"; includeInIndex = 0; path = "WatchExtention WatchKit Extension.appex"; sourceTree = BUILT_PRODUCTS_DIR; };
		C3C0DE7628E3AE0C005CFDD4 /* InterfaceController.swift */ = {isa = PBXFileReference; lastKnownFileType = sourcecode.swift; path = InterfaceController.swift; sourceTree = "<group>"; };
		C3C0DE7828E3AE0C005CFDD4 /* ExtensionDelegate.swift */ = {isa = PBXFileReference; lastKnownFileType = sourcecode.swift; path = ExtensionDelegate.swift; sourceTree = "<group>"; };
		C3C0DE7A28E3AE0C005CFDD4 /* NotificationController.swift */ = {isa = PBXFileReference; lastKnownFileType = sourcecode.swift; path = NotificationController.swift; sourceTree = "<group>"; };
		C3C0DE7C28E3AE0C005CFDD4 /* ComplicationController.swift */ = {isa = PBXFileReference; lastKnownFileType = sourcecode.swift; path = ComplicationController.swift; sourceTree = "<group>"; };
		C3C0DE7E28E3AE0D005CFDD4 /* Assets.xcassets */ = {isa = PBXFileReference; lastKnownFileType = folder.assetcatalog; path = Assets.xcassets; sourceTree = "<group>"; };
		C3C0DE8028E3AE0D005CFDD4 /* Info.plist */ = {isa = PBXFileReference; lastKnownFileType = text.plist.xml; path = Info.plist; sourceTree = "<group>"; };
		C3C0DE8128E3AE0D005CFDD4 /* PushNotificationPayload.apns */ = {isa = PBXFileReference; lastKnownFileType = text; path = PushNotificationPayload.apns; sourceTree = "<group>"; };
/* End PBXFileReference section */

/* Begin PBXFrameworksBuildPhase section */
		C3C0DE4A28E3ACD7005CFDD4 /* Frameworks */ = {
			isa = PBXFrameworksBuildPhase;
			buildActionMask = 2147483647;
			files = (
			);
			runOnlyForDeploymentPostprocessing = 0;
		};
		C3C0DE6E28E3AE0C005CFDD4 /* Frameworks */ = {
			isa = PBXFrameworksBuildPhase;
			buildActionMask = 2147483647;
			files = (
			);
			runOnlyForDeploymentPostprocessing = 0;
		};
/* End PBXFrameworksBuildPhase section */

/* Begin PBXGroup section */
		C3C0DE4428E3ACD7005CFDD4 = {
			isa = PBXGroup;
			children = (
				C3C0DE4F28E3ACD7005CFDD4 /* WatchOSTestApp */,
				C3C0DE6728E3AE0A005CFDD4 /* WatchExtention */,
				C3C0DE7528E3AE0C005CFDD4 /* WatchExtention WatchKit Extension */,
				C3C0DE4E28E3ACD7005CFDD4 /* Products */,
			);
			sourceTree = "<group>";
		};
		C3C0DE4E28E3ACD7005CFDD4 /* Products */ = {
			isa = PBXGroup;
			children = (
				C3C0DE4D28E3ACD7005CFDD4 /* WatchOSTestApp.app */,
				C3C0DE6628E3AE0A005CFDD4 /* WatchExtention.app */,
				C3C0DE7128E3AE0C005CFDD4 /* WatchExtention WatchKit Extension.appex */,
			);
			name = Products;
			sourceTree = "<group>";
		};
		C3C0DE4F28E3ACD7005CFDD4 /* WatchOSTestApp */ = {
			isa = PBXGroup;
			children = (
				C3C0DE5028E3ACD7005CFDD4 /* AppDelegate.swift */,
				C3C0DE5228E3ACD7005CFDD4 /* SceneDelegate.swift */,
				C3C0DE5428E3ACD7005CFDD4 /* ViewController.swift */,
				C3C0DE5628E3ACD7005CFDD4 /* Main.storyboard */,
				C3C0DE5928E3ACD8005CFDD4 /* Assets.xcassets */,
				C3C0DE5B28E3ACD8005CFDD4 /* LaunchScreen.storyboard */,
				C3C0DE5E28E3ACD8005CFDD4 /* Info.plist */,
			);
			path = WatchOSTestApp;
			sourceTree = "<group>";
		};
		C3C0DE6728E3AE0A005CFDD4 /* WatchExtention */ = {
			isa = PBXGroup;
			children = (
				C3C0DE6828E3AE0A005CFDD4 /* Interface.storyboard */,
				C3C0DE6B28E3AE0C005CFDD4 /* Assets.xcassets */,
			);
			path = WatchExtention;
			sourceTree = "<group>";
		};
		C3C0DE7528E3AE0C005CFDD4 /* WatchExtention WatchKit Extension */ = {
			isa = PBXGroup;
			children = (
				C3C0DE7628E3AE0C005CFDD4 /* InterfaceController.swift */,
				C3C0DE7828E3AE0C005CFDD4 /* ExtensionDelegate.swift */,
				C3C0DE7A28E3AE0C005CFDD4 /* NotificationController.swift */,
				C3C0DE7C28E3AE0C005CFDD4 /* ComplicationController.swift */,
				C3C0DE7E28E3AE0D005CFDD4 /* Assets.xcassets */,
				C3C0DE8028E3AE0D005CFDD4 /* Info.plist */,
				C3C0DE8128E3AE0D005CFDD4 /* PushNotificationPayload.apns */,
			);
			path = "WatchExtention WatchKit Extension";
			sourceTree = "<group>";
		};
/* End PBXGroup section */

/* Begin PBXNativeTarget section */
		C3C0DE4C28E3ACD7005CFDD4 /* WatchOSTestApp */ = {
			isa = PBXNativeTarget;
			buildConfigurationList = C3C0DE6128E3ACD8005CFDD4 /* Build configuration list for PBXNativeTarget "WatchOSTestApp" */;
			buildPhases = (
				C3C0DE4928E3ACD7005CFDD4 /* Sources */,
				C3C0DE4A28E3ACD7005CFDD4 /* Frameworks */,
				C3C0DE4B28E3ACD7005CFDD4 /* Resources */,
				C3C0DE8C28E3AE0D005CFDD4 /* Embed Watch Content */,
			);
			buildRules = (
			);
			dependencies = (
				C3C0DE8328E3AE0D005CFDD4 /* PBXTargetDependency */,
			);
			name = WatchOSTestApp;
			productName = WatchOSTestApp;
			productReference = C3C0DE4D28E3ACD7005CFDD4 /* WatchOSTestApp.app */;
			productType = "com.apple.product-type.application";
		};
		C3C0DE6528E3AE0A005CFDD4 /* WatchExtention */ = {
			isa = PBXNativeTarget;
			buildConfigurationList = C3C0DE8928E3AE0D005CFDD4 /* Build configuration list for PBXNativeTarget "WatchExtention" */;
			buildPhases = (
				C3C0DE6428E3AE0A005CFDD4 /* Resources */,
				C3C0DE8828E3AE0D005CFDD4 /* Embed App Extensions */,
			);
			buildRules = (
			);
			dependencies = (
				C3C0DE7428E3AE0C005CFDD4 /* PBXTargetDependency */,
			);
			name = WatchExtention;
			productName = WatchExtention;
			productReference = C3C0DE6628E3AE0A005CFDD4 /* WatchExtention.app */;
			productType = "com.apple.product-type.application.watchapp2";
		};
		C3C0DE7028E3AE0C005CFDD4 /* WatchExtention WatchKit Extension */ = {
			isa = PBXNativeTarget;
			buildConfigurationList = C3C0DE8528E3AE0D005CFDD4 /* Build configuration list for PBXNativeTarget "WatchExtention WatchKit Extension" */;
			buildPhases = (
				C3C0DE6D28E3AE0C005CFDD4 /* Sources */,
				C3C0DE6E28E3AE0C005CFDD4 /* Frameworks */,
				C3C0DE6F28E3AE0C005CFDD4 /* Resources */,
			);
			buildRules = (
			);
			dependencies = (
			);
			name = "WatchExtention WatchKit Extension";
			productName = "WatchExtention WatchKit Extension";
			productReference = C3C0DE7128E3AE0C005CFDD4 /* WatchExtention WatchKit Extension.appex */;
			productType = "com.apple.product-type.watchkit2-extension";
		};
/* End PBXNativeTarget section */

/* Begin PBXProject section */
		C3C0DE4528E3ACD7005CFDD4 /* Project object */ = {
			isa = PBXProject;
			attributes = {
				BuildIndependentTargetsInParallel = 1;
				LastSwiftUpdateCheck = 1310;
				LastUpgradeCheck = 1310;
				TargetAttributes = {
					C3C0DE4C28E3ACD7005CFDD4 = {
						CreatedOnToolsVersion = 13.1;
					};
					C3C0DE6528E3AE0A005CFDD4 = {
						CreatedOnToolsVersion = 13.1;
					};
					C3C0DE7028E3AE0C005CFDD4 = {
						CreatedOnToolsVersion = 13.1;
					};
				};
			};
			buildConfigurationList = C3C0DE4828E3ACD7005CFDD4 /* Build configuration list for PBXProject "WatchOSTestApp" */;
			compatibilityVersion = "Xcode 13.0";
			developmentRegion = en;
			hasScannedForEncodings = 0;
			knownRegions = (
				en,
				Base,
			);
			mainGroup = C3C0DE4428E3ACD7005CFDD4;
			productRefGroup = C3C0DE4E28E3ACD7005CFDD4 /* Products */;
			projectDirPath = "";
			projectRoot = "";
			targets = (
				C3C0DE4C28E3ACD7005CFDD4 /* WatchOSTestApp */,
				C3C0DE6528E3AE0A005CFDD4 /* WatchExtention */,
				C3C0DE7028E3AE0C005CFDD4 /* WatchExtention WatchKit Extension */,
			);
		};
/* End PBXProject section */

/* Begin PBXResourcesBuildPhase section */
		C3C0DE4B28E3ACD7005CFDD4 /* Resources */ = {
			isa = PBXResourcesBuildPhase;
			buildActionMask = 2147483647;
			files = (
				C3C0DE5D28E3ACD8005CFDD4 /* LaunchScreen.storyboard in Resources */,
				C3C0DE5A28E3ACD8005CFDD4 /* Assets.xcassets in Resources */,
				C3C0DE5828E3ACD7005CFDD4 /* Main.storyboard in Resources */,
			);
			runOnlyForDeploymentPostprocessing = 0;
		};
		C3C0DE6428E3AE0A005CFDD4 /* Resources */ = {
			isa = PBXResourcesBuildPhase;
			buildActionMask = 2147483647;
			files = (
				C3C0DE6C28E3AE0C005CFDD4 /* Assets.xcassets in Resources */,
				C3C0DE6A28E3AE0A005CFDD4 /* Interface.storyboard in Resources */,
			);
			runOnlyForDeploymentPostprocessing = 0;
		};
		C3C0DE6F28E3AE0C005CFDD4 /* Resources */ = {
			isa = PBXResourcesBuildPhase;
			buildActionMask = 2147483647;
			files = (
				C3C0DE7F28E3AE0D005CFDD4 /* Assets.xcassets in Resources */,
			);
			runOnlyForDeploymentPostprocessing = 0;
		};
/* End PBXResourcesBuildPhase section */

/* Begin PBXSourcesBuildPhase section */
		C3C0DE4928E3ACD7005CFDD4 /* Sources */ = {
			isa = PBXSourcesBuildPhase;
			buildActionMask = 2147483647;
			files = (
				C3C0DE5528E3ACD7005CFDD4 /* ViewController.swift in Sources */,
				C3C0DE5128E3ACD7005CFDD4 /* AppDelegate.swift in Sources */,
				C3C0DE5328E3ACD7005CFDD4 /* SceneDelegate.swift in Sources */,
			);
			runOnlyForDeploymentPostprocessing = 0;
		};
		C3C0DE6D28E3AE0C005CFDD4 /* Sources */ = {
			isa = PBXSourcesBuildPhase;
			buildActionMask = 2147483647;
			files = (
				C3C0DE7B28E3AE0C005CFDD4 /* NotificationController.swift in Sources */,
				C3C0DE7D28E3AE0C005CFDD4 /* ComplicationController.swift in Sources */,
				C3C0DE7928E3AE0C005CFDD4 /* ExtensionDelegate.swift in Sources */,
				C3C0DE7728E3AE0C005CFDD4 /* InterfaceController.swift in Sources */,
			);
			runOnlyForDeploymentPostprocessing = 0;
		};
/* End PBXSourcesBuildPhase section */

/* Begin PBXTargetDependency section */
		C3C0DE7428E3AE0C005CFDD4 /* PBXTargetDependency */ = {
			isa = PBXTargetDependency;
			target = C3C0DE7028E3AE0C005CFDD4 /* WatchExtention WatchKit Extension */;
			targetProxy = C3C0DE7328E3AE0C005CFDD4 /* PBXContainerItemProxy */;
		};
		C3C0DE8328E3AE0D005CFDD4 /* PBXTargetDependency */ = {
			isa = PBXTargetDependency;
			target = C3C0DE6528E3AE0A005CFDD4 /* WatchExtention */;
			targetProxy = C3C0DE8228E3AE0D005CFDD4 /* PBXContainerItemProxy */;
		};
/* End PBXTargetDependency section */

/* Begin PBXVariantGroup section */
		C3C0DE5628E3ACD7005CFDD4 /* Main.storyboard */ = {
			isa = PBXVariantGroup;
			children = (
				C3C0DE5728E3ACD7005CFDD4 /* Base */,
			);
			name = Main.storyboard;
			sourceTree = "<group>";
		};
		C3C0DE5B28E3ACD8005CFDD4 /* LaunchScreen.storyboard */ = {
			isa = PBXVariantGroup;
			children = (
				C3C0DE5C28E3ACD8005CFDD4 /* Base */,
			);
			name = LaunchScreen.storyboard;
			sourceTree = "<group>";
		};
		C3C0DE6828E3AE0A005CFDD4 /* Interface.storyboard */ = {
			isa = PBXVariantGroup;
			children = (
				C3C0DE6928E3AE0A005CFDD4 /* Base */,
			);
			name = Interface.storyboard;
			sourceTree = "<group>";
		};
/* End PBXVariantGroup section */

/* Begin XCBuildConfiguration section */
		C3C0DE5F28E3ACD8005CFDD4 /* Debug */ = {
			isa = XCBuildConfiguration;
			buildSettings = {
				ALWAYS_SEARCH_USER_PATHS = NO;
				CLANG_ANALYZER_NONNULL = YES;
				CLANG_ANALYZER_NUMBER_OBJECT_CONVERSION = YES_AGGRESSIVE;
				CLANG_CXX_LANGUAGE_STANDARD = "gnu++17";
				CLANG_CXX_LIBRARY = "libc++";
				CLANG_ENABLE_MODULES = YES;
				CLANG_ENABLE_OBJC_ARC = YES;
				CLANG_ENABLE_OBJC_WEAK = YES;
				CLANG_WARN_BLOCK_CAPTURE_AUTORELEASING = YES;
				CLANG_WARN_BOOL_CONVERSION = YES;
				CLANG_WARN_COMMA = YES;
				CLANG_WARN_CONSTANT_CONVERSION = YES;
				CLANG_WARN_DEPRECATED_OBJC_IMPLEMENTATIONS = YES;
				CLANG_WARN_DIRECT_OBJC_ISA_USAGE = YES_ERROR;
				CLANG_WARN_DOCUMENTATION_COMMENTS = YES;
				CLANG_WARN_EMPTY_BODY = YES;
				CLANG_WARN_ENUM_CONVERSION = YES;
				CLANG_WARN_INFINITE_RECURSION = YES;
				CLANG_WARN_INT_CONVERSION = YES;
				CLANG_WARN_NON_LITERAL_NULL_CONVERSION = YES;
				CLANG_WARN_OBJC_IMPLICIT_RETAIN_SELF = YES;
				CLANG_WARN_OBJC_LITERAL_CONVERSION = YES;
				CLANG_WARN_OBJC_ROOT_CLASS = YES_ERROR;
				CLANG_WARN_QUOTED_INCLUDE_IN_FRAMEWORK_HEADER = YES;
				CLANG_WARN_RANGE_LOOP_ANALYSIS = YES;
				CLANG_WARN_STRICT_PROTOTYPES = YES;
				CLANG_WARN_SUSPICIOUS_MOVE = YES;
				CLANG_WARN_UNGUARDED_AVAILABILITY = YES_AGGRESSIVE;
				CLANG_WARN_UNREACHABLE_CODE = YES;
				CLANG_WARN__DUPLICATE_METHOD_MATCH = YES;
				COPY_PHASE_STRIP = NO;
				DEBUG_INFORMATION_FORMAT = dwarf;
				ENABLE_STRICT_OBJC_MSGSEND = YES;
				ENABLE_TESTABILITY = YES;
				GCC_C_LANGUAGE_STANDARD = gnu11;
				GCC_DYNAMIC_NO_PIC = NO;
				GCC_NO_COMMON_BLOCKS = YES;
				GCC_OPTIMIZATION_LEVEL = 0;
				GCC_PREPROCESSOR_DEFINITIONS = (
					"DEBUG=1",
					"$(inherited)",
				);
				GCC_WARN_64_TO_32_BIT_CONVERSION = YES;
				GCC_WARN_ABOUT_RETURN_TYPE = YES_ERROR;
				GCC_WARN_UNDECLARED_SELECTOR = YES;
				GCC_WARN_UNINITIALIZED_AUTOS = YES_AGGRESSIVE;
				GCC_WARN_UNUSED_FUNCTION = YES;
				GCC_WARN_UNUSED_VARIABLE = YES;
				IPHONEOS_DEPLOYMENT_TARGET = 15.0;
				MTL_ENABLE_DEBUG_INFO = INCLUDE_SOURCE;
				MTL_FAST_MATH = YES;
				ONLY_ACTIVE_ARCH = YES;
				SDKROOT = iphoneos;
				SWIFT_ACTIVE_COMPILATION_CONDITIONS = DEBUG;
				SWIFT_OPTIMIZATION_LEVEL = "-Onone";
			};
			name = Debug;
		};
		C3C0DE6028E3ACD8005CFDD4 /* Release */ = {
			isa = XCBuildConfiguration;
			buildSettings = {
				ALWAYS_SEARCH_USER_PATHS = NO;
				CLANG_ANALYZER_NONNULL = YES;
				CLANG_ANALYZER_NUMBER_OBJECT_CONVERSION = YES_AGGRESSIVE;
				CLANG_CXX_LANGUAGE_STANDARD = "gnu++17";
				CLANG_CXX_LIBRARY = "libc++";
				CLANG_ENABLE_MODULES = YES;
				CLANG_ENABLE_OBJC_ARC = YES;
				CLANG_ENABLE_OBJC_WEAK = YES;
				CLANG_WARN_BLOCK_CAPTURE_AUTORELEASING = YES;
				CLANG_WARN_BOOL_CONVERSION = YES;
				CLANG_WARN_COMMA = YES;
				CLANG_WARN_CONSTANT_CONVERSION = YES;
				CLANG_WARN_DEPRECATED_OBJC_IMPLEMENTATIONS = YES;
				CLANG_WARN_DIRECT_OBJC_ISA_USAGE = YES_ERROR;
				CLANG_WARN_DOCUMENTATION_COMMENTS = YES;
				CLANG_WARN_EMPTY_BODY = YES;
				CLANG_WARN_ENUM_CONVERSION = YES;
				CLANG_WARN_INFINITE_RECURSION = YES;
				CLANG_WARN_INT_CONVERSION = YES;
				CLANG_WARN_NON_LITERAL_NULL_CONVERSION = YES;
				CLANG_WARN_OBJC_IMPLICIT_RETAIN_SELF = YES;
				CLANG_WARN_OBJC_LITERAL_CONVERSION = YES;
				CLANG_WARN_OBJC_ROOT_CLASS = YES_ERROR;
				CLANG_WARN_QUOTED_INCLUDE_IN_FRAMEWORK_HEADER = YES;
				CLANG_WARN_RANGE_LOOP_ANALYSIS = YES;
				CLANG_WARN_STRICT_PROTOTYPES = YES;
				CLANG_WARN_SUSPICIOUS_MOVE = YES;
				CLANG_WARN_UNGUARDED_AVAILABILITY = YES_AGGRESSIVE;
				CLANG_WARN_UNREACHABLE_CODE = YES;
				CLANG_WARN__DUPLICATE_METHOD_MATCH = YES;
				COPY_PHASE_STRIP = NO;
				DEBUG_INFORMATION_FORMAT = "dwarf-with-dsym";
				ENABLE_NS_ASSERTIONS = NO;
				ENABLE_STRICT_OBJC_MSGSEND = YES;
				GCC_C_LANGUAGE_STANDARD = gnu11;
				GCC_NO_COMMON_BLOCKS = YES;
				GCC_WARN_64_TO_32_BIT_CONVERSION = YES;
				GCC_WARN_ABOUT_RETURN_TYPE = YES_ERROR;
				GCC_WARN_UNDECLARED_SELECTOR = YES;
				GCC_WARN_UNINITIALIZED_AUTOS = YES_AGGRESSIVE;
				GCC_WARN_UNUSED_FUNCTION = YES;
				GCC_WARN_UNUSED_VARIABLE = YES;
				IPHONEOS_DEPLOYMENT_TARGET = 15.0;
				MTL_ENABLE_DEBUG_INFO = NO;
				MTL_FAST_MATH = YES;
				SDKROOT = iphoneos;
				SWIFT_COMPILATION_MODE = wholemodule;
				SWIFT_OPTIMIZATION_LEVEL = "-O";
				VALIDATE_PRODUCT = YES;
			};
			name = Release;
		};
		C3C0DE6228E3ACD8005CFDD4 /* Debug */ = {
			isa = XCBuildConfiguration;
			buildSettings = {
				ASSETCATALOG_COMPILER_APPICON_NAME = AppIcon;
				ASSETCATALOG_COMPILER_GLOBAL_ACCENT_COLOR_NAME = AccentColor;
				CODE_SIGN_STYLE = Automatic;
				CURRENT_PROJECT_VERSION = 1;
				DEVELOPMENT_TEAM = 6UK9B9BTNM;
				GENERATE_INFOPLIST_FILE = YES;
				INFOPLIST_FILE = WatchOSTestApp/Info.plist;
				INFOPLIST_KEY_UIApplicationSupportsIndirectInputEvents = YES;
				INFOPLIST_KEY_UILaunchStoryboardName = LaunchScreen;
				INFOPLIST_KEY_UIMainStoryboardFile = Main;
				INFOPLIST_KEY_UISupportedInterfaceOrientations_iPad = "UIInterfaceOrientationPortrait UIInterfaceOrientationPortraitUpsideDown UIInterfaceOrientationLandscapeLeft UIInterfaceOrientationLandscapeRight";
				INFOPLIST_KEY_UISupportedInterfaceOrientations_iPhone = "UIInterfaceOrientationPortrait UIInterfaceOrientationLandscapeLeft UIInterfaceOrientationLandscapeRight";
				LD_RUNPATH_SEARCH_PATHS = (
					"$(inherited)",
					"@executable_path/Frameworks",
				);
				MARKETING_VERSION = 1.0;
				PRODUCT_BUNDLE_IDENTIFIER = com.christianlorenzo.WatchOSTestApp;
				PRODUCT_NAME = "$(TARGET_NAME)";
				SWIFT_EMIT_LOC_STRINGS = YES;
				SWIFT_VERSION = 5.0;
				TARGETED_DEVICE_FAMILY = "1,2";
			};
			name = Debug;
		};
		C3C0DE6328E3ACD8005CFDD4 /* Release */ = {
			isa = XCBuildConfiguration;
			buildSettings = {
				ASSETCATALOG_COMPILER_APPICON_NAME = AppIcon;
				ASSETCATALOG_COMPILER_GLOBAL_ACCENT_COLOR_NAME = AccentColor;
				CODE_SIGN_STYLE = Automatic;
				CURRENT_PROJECT_VERSION = 1;
				DEVELOPMENT_TEAM = 6UK9B9BTNM;
				GENERATE_INFOPLIST_FILE = YES;
				INFOPLIST_FILE = WatchOSTestApp/Info.plist;
				INFOPLIST_KEY_UIApplicationSupportsIndirectInputEvents = YES;
				INFOPLIST_KEY_UILaunchStoryboardName = LaunchScreen;
				INFOPLIST_KEY_UIMainStoryboardFile = Main;
				INFOPLIST_KEY_UISupportedInterfaceOrientations_iPad = "UIInterfaceOrientationPortrait UIInterfaceOrientationPortraitUpsideDown UIInterfaceOrientationLandscapeLeft UIInterfaceOrientationLandscapeRight";
				INFOPLIST_KEY_UISupportedInterfaceOrientations_iPhone = "UIInterfaceOrientationPortrait UIInterfaceOrientationLandscapeLeft UIInterfaceOrientationLandscapeRight";
				LD_RUNPATH_SEARCH_PATHS = (
					"$(inherited)",
					"@executable_path/Frameworks",
				);
				MARKETING_VERSION = 1.0;
				PRODUCT_BUNDLE_IDENTIFIER = com.christianlorenzo.WatchOSTestApp;
				PRODUCT_NAME = "$(TARGET_NAME)";
				SWIFT_EMIT_LOC_STRINGS = YES;
				SWIFT_VERSION = 5.0;
				TARGETED_DEVICE_FAMILY = "1,2";
			};
			name = Release;
		};
		C3C0DE8628E3AE0D005CFDD4 /* Debug */ = {
			isa = XCBuildConfiguration;
			buildSettings = {
				ASSETCATALOG_COMPILER_COMPLICATION_NAME = Complication;
				CODE_SIGN_STYLE = Automatic;
				CURRENT_PROJECT_VERSION = 1;
				DEVELOPMENT_TEAM = 6UK9B9BTNM;
				GENERATE_INFOPLIST_FILE = YES;
				INFOPLIST_FILE = "WatchExtention WatchKit Extension/Info.plist";
				INFOPLIST_KEY_CFBundleDisplayName = "WatchExtention WatchKit Extension";
				INFOPLIST_KEY_CLKComplicationPrincipalClass = "$(PRODUCT_MODULE_NAME).ComplicationController";
				INFOPLIST_KEY_NSHumanReadableCopyright = "";
				INFOPLIST_KEY_WKExtensionDelegateClassName = "$(PRODUCT_MODULE_NAME).ExtensionDelegate";
				LD_RUNPATH_SEARCH_PATHS = (
					"$(inherited)",
					"@executable_path/Frameworks",
					"@executable_path/../../Frameworks",
				);
				MARKETING_VERSION = 1.0;
				PRODUCT_BUNDLE_IDENTIFIER = com.christianlorenzo.WatchOSTestApp.watchkitapp.watchkitextension;
				PRODUCT_NAME = "${TARGET_NAME}";
				SDKROOT = watchos;
				SKIP_INSTALL = YES;
				SWIFT_EMIT_LOC_STRINGS = YES;
				SWIFT_VERSION = 5.0;
				TARGETED_DEVICE_FAMILY = 4;
				WATCHOS_DEPLOYMENT_TARGET = 8.0;
			};
			name = Debug;
		};
		C3C0DE8728E3AE0D005CFDD4 /* Release */ = {
			isa = XCBuildConfiguration;
			buildSettings = {
				ASSETCATALOG_COMPILER_COMPLICATION_NAME = Complication;
				CODE_SIGN_STYLE = Automatic;
				CURRENT_PROJECT_VERSION = 1;
				DEVELOPMENT_TEAM = 6UK9B9BTNM;
				GENERATE_INFOPLIST_FILE = YES;
				INFOPLIST_FILE = "WatchExtention WatchKit Extension/Info.plist";
				INFOPLIST_KEY_CFBundleDisplayName = "WatchExtention WatchKit Extension";
				INFOPLIST_KEY_CLKComplicationPrincipalClass = "$(PRODUCT_MODULE_NAME).ComplicationController";
				INFOPLIST_KEY_NSHumanReadableCopyright = "";
				INFOPLIST_KEY_WKExtensionDelegateClassName = "$(PRODUCT_MODULE_NAME).ExtensionDelegate";
				LD_RUNPATH_SEARCH_PATHS = (
					"$(inherited)",
					"@executable_path/Frameworks",
					"@executable_path/../../Frameworks",
				);
				MARKETING_VERSION = 1.0;
				PRODUCT_BUNDLE_IDENTIFIER = com.christianlorenzo.WatchOSTestApp.watchkitapp.watchkitextension;
				PRODUCT_NAME = "${TARGET_NAME}";
				SDKROOT = watchos;
				SKIP_INSTALL = YES;
				SWIFT_EMIT_LOC_STRINGS = YES;
				SWIFT_VERSION = 5.0;
				TARGETED_DEVICE_FAMILY = 4;
				WATCHOS_DEPLOYMENT_TARGET = 8.0;
			};
			name = Release;
		};
		C3C0DE8A28E3AE0D005CFDD4 /* Debug */ = {
			isa = XCBuildConfiguration;
			buildSettings = {
				ALWAYS_EMBED_SWIFT_STANDARD_LIBRARIES = YES;
				ASSETCATALOG_COMPILER_APPICON_NAME = AppIcon;
				ASSETCATALOG_COMPILER_GLOBAL_ACCENT_COLOR_NAME = AccentColor;
				CODE_SIGN_STYLE = Automatic;
				CURRENT_PROJECT_VERSION = 1;
				DEVELOPMENT_TEAM = 6UK9B9BTNM;
				GENERATE_INFOPLIST_FILE = YES;
				IBSC_MODULE = WatchExtention_WatchKit_Extension;
				INFOPLIST_KEY_CFBundleDisplayName = WatchExtention;
				INFOPLIST_KEY_UISupportedInterfaceOrientations = "UIInterfaceOrientationPortrait UIInterfaceOrientationPortraitUpsideDown";
				INFOPLIST_KEY_WKCompanionAppBundleIdentifier = com.christianlorenzo.WatchOSTestApp;
				MARKETING_VERSION = 1.0;
				PRODUCT_BUNDLE_IDENTIFIER = com.christianlorenzo.WatchOSTestApp.watchkitapp;
				PRODUCT_NAME = "$(TARGET_NAME)";
				SDKROOT = watchos;
				SKIP_INSTALL = YES;
				SWIFT_EMIT_LOC_STRINGS = YES;
				SWIFT_VERSION = 5.0;
				TARGETED_DEVICE_FAMILY = 4;
				WATCHOS_DEPLOYMENT_TARGET = 8.0;
			};
			name = Debug;
		};
		C3C0DE8B28E3AE0D005CFDD4 /* Release */ = {
			isa = XCBuildConfiguration;
			buildSettings = {
				ALWAYS_EMBED_SWIFT_STANDARD_LIBRARIES = YES;
				ASSETCATALOG_COMPILER_APPICON_NAME = AppIcon;
				ASSETCATALOG_COMPILER_GLOBAL_ACCENT_COLOR_NAME = AccentColor;
				CODE_SIGN_STYLE = Automatic;
				CURRENT_PROJECT_VERSION = 1;
				DEVELOPMENT_TEAM = 6UK9B9BTNM;
				GENERATE_INFOPLIST_FILE = YES;
				IBSC_MODULE = WatchExtention_WatchKit_Extension;
				INFOPLIST_KEY_CFBundleDisplayName = WatchExtention;
				INFOPLIST_KEY_UISupportedInterfaceOrientations = "UIInterfaceOrientationPortrait UIInterfaceOrientationPortraitUpsideDown";
				INFOPLIST_KEY_WKCompanionAppBundleIdentifier = com.christianlorenzo.WatchOSTestApp;
				MARKETING_VERSION = 1.0;
				PRODUCT_BUNDLE_IDENTIFIER = com.christianlorenzo.WatchOSTestApp.watchkitapp;
				PRODUCT_NAME = "$(TARGET_NAME)";
				SDKROOT = watchos;
				SKIP_INSTALL = YES;
				SWIFT_EMIT_LOC_STRINGS = YES;
				SWIFT_VERSION = 5.0;
				TARGETED_DEVICE_FAMILY = 4;
				WATCHOS_DEPLOYMENT_TARGET = 8.0;
			};
			name = Release;
		};
/* End XCBuildConfiguration section */

/* Begin XCConfigurationList section */
		C3C0DE4828E3ACD7005CFDD4 /* Build configuration list for PBXProject "WatchOSTestApp" */ = {
			isa = XCConfigurationList;
			buildConfigurations = (
				C3C0DE5F28E3ACD8005CFDD4 /* Debug */,
				C3C0DE6028E3ACD8005CFDD4 /* Release */,
			);
			defaultConfigurationIsVisible = 0;
			defaultConfigurationName = Release;
		};
		C3C0DE6128E3ACD8005CFDD4 /* Build configuration list for PBXNativeTarget "WatchOSTestApp" */ = {
			isa = XCConfigurationList;
			buildConfigurations = (
				C3C0DE6228E3ACD8005CFDD4 /* Debug */,
				C3C0DE6328E3ACD8005CFDD4 /* Release */,
			);
			defaultConfigurationIsVisible = 0;
			defaultConfigurationName = Release;
		};
		C3C0DE8528E3AE0D005CFDD4 /* Build configuration list for PBXNativeTarget "WatchExtention WatchKit Extension" */ = {
			isa = XCConfigurationList;
			buildConfigurations = (
				C3C0DE8628E3AE0D005CFDD4 /* Debug */,
				C3C0DE8728E3AE0D005CFDD4 /* Release */,
			);
			defaultConfigurationIsVisible = 0;
			defaultConfigurationName = Release;
		};
		C3C0DE8928E3AE0D005CFDD4 /* Build configuration list for PBXNativeTarget "WatchExtention" */ = {
			isa = XCConfigurationList;
			buildConfigurations = (
				C3C0DE8A28E3AE0D005CFDD4 /* Debug */,
				C3C0DE8B28E3AE0D005CFDD4 /* Release */,
			);
			defaultConfigurationIsVisible = 0;
			defaultConfigurationName = Release;
		};
/* End XCConfigurationList section */
	};
	rootObject = C3C0DE4528E3ACD7005CFDD4 /* Project object */;
}
